
Microsoft Visual Studio Solution File, Format Version 12.00
# Visual Studio Version 17
VisualStudioVersion = 17.5.002.0
MinimumVisualStudioVersion = 10.0.40219.1
Project("{9A19103F-16F7-4668-BE54-9A1E7A4F7556}") = "first", "first.csproj", "{E1DCEFAD-430C-4716-9F87-E5208E98AEA2}"
EndProject
Global
	GlobalSection(SolutionConfigurationPlatforms) = preSolution
		Debug|Any CPU = Debug|Any CPU
		Release|Any CPU = Release|Any CPU
	EndGlobalSection
	GlobalSection(ProjectConfigurationPlatforms) = postSolution
		{E1DCEFAD-430C-4716-9F87-E5208E98AEA2}.Debug|Any CPU.ActiveCfg = Debug|Any CPU
		{E1DCEFAD-430C-4716-9F87-E5208E98AEA2}.Debug|Any CPU.Build.0 = Debug|Any CPU
		{E1DCEFAD-430C-4716-9F87-E5208E98AEA2}.Release|Any CPU.ActiveCfg = Release|Any CPU
		{E1DCEFAD-430C-4716-9F87-E5208E98AEA2}.Release|Any CPU.Build.0 = Release|Any CPU
	EndGlobalSection
	GlobalSection(SolutionProperties) = preSolution
		HideSolutionNode = FALSE
	EndGlobalSection
	GlobalSection(ExtensibilityGlobals) = postSolution
		SolutionGuid = {2DD6BC24-9A7C-4B2C-A6AC-C667CA434335}
	EndGlobalSection
EndGlobal
